
Microsoft Visual Studio Solution File, Format Version 12.00
# Visual Studio 14
VisualStudioVersion = 14.0.25420.1
MinimumVisualStudioVersion = 10.0.40219.1
Project("{FAE04EC0-301F-11D3-BF4B-00C04F79EFBC}") = "ValueReferenceExample", "ValueReferenceExample\ValueReferenceExample.csproj", "{90A12C0B-6BF2-45A9-A191-8CB14879AD55}"
EndProject
Project("{FAE04EC0-301F-11D3-BF4B-00C04F79EFBC}") = "VirtualExample", "VirtualExample\VirtualExample.csproj", "{BBE2B239-8285-4417-9484-94AA59DF6411}"
EndProject
Global
	GlobalSection(Performance) = preSolution
		HasPerformanceSessions = true
	EndGlobalSection
	GlobalSection(SolutionConfigurationPlatforms) = preSolution
		Debug|Any CPU = Debug|Any CPU
		Release|Any CPU = Release|Any CPU
	EndGlobalSection
	GlobalSection(ProjectConfigurationPlatforms) = postSolution
		{90A12C0B-6BF2-45A9-A191-8CB14879AD55}.Debug|Any CPU.ActiveCfg = Debug|Any CPU
		{90A12C0B-6BF2-45A9-A191-8CB14879AD55}.Debug|Any CPU.Build.0 = Debug|Any CPU
		{90A12C0B-6BF2-45A9-A191-8CB14879AD55}.Release|Any CPU.ActiveCfg = Release|Any CPU
		{90A12C0B-6BF2-45A9-A191-8CB14879AD55}.Release|Any CPU.Build.0 = Release|Any CPU
		{BBE2B239-8285-4417-9484-94AA59DF6411}.Debug|Any CPU.ActiveCfg = Debug|Any CPU
		{BBE2B239-8285-4417-9484-94AA59DF6411}.Debug|Any CPU.Build.0 = Debug|Any CPU
		{BBE2B239-8285-4417-9484-94AA59DF6411}.Release|Any CPU.ActiveCfg = Release|Any CPU
		{BBE2B239-8285-4417-9484-94AA59DF6411}.Release|Any CPU.Build.0 = Release|Any CPU
	EndGlobalSection
	GlobalSection(SolutionProperties) = preSolution
		HideSolutionNode = FALSE
	EndGlobalSection
EndGlobal
