
Microsoft Visual Studio Solution File, Format Version 12.00
# Visual Studio 15
VisualStudioVersion = 15.0.27130.0
MinimumVisualStudioVersion = 10.0.40219.1
Project("{FAE04EC0-301F-11D3-BF4B-00C04F79EFBC}") = "Decorator", "Decorator\Decorator.csproj", "{400C21D8-434C-402B-BA1F-7A366D5BBB97}"
EndProject
Global
	GlobalSection(SolutionConfigurationPlatforms) = preSolution
		Debug|Any CPU = Debug|Any CPU
		Release|Any CPU = Release|Any CPU
	EndGlobalSection
	GlobalSection(ProjectConfigurationPlatforms) = postSolution
		{400C21D8-434C-402B-BA1F-7A366D5BBB97}.Debug|Any CPU.ActiveCfg = Debug|Any CPU
		{400C21D8-434C-402B-BA1F-7A366D5BBB97}.Debug|Any CPU.Build.0 = Debug|Any CPU
		{400C21D8-434C-402B-BA1F-7A366D5BBB97}.Release|Any CPU.ActiveCfg = Release|Any CPU
		{400C21D8-434C-402B-BA1F-7A366D5BBB97}.Release|Any CPU.Build.0 = Release|Any CPU
	EndGlobalSection
	GlobalSection(SolutionProperties) = preSolution
		HideSolutionNode = FALSE
	EndGlobalSection
	GlobalSection(ExtensibilityGlobals) = postSolution
		SolutionGuid = {2583BB72-2B4F-4676-8663-369D4DEDB3BF}
	EndGlobalSection
EndGlobal
