
Microsoft Visual Studio Solution File, Format Version 12.00
# Visual Studio 15
VisualStudioVersion = 15.0.27130.0
MinimumVisualStudioVersion = 10.0.40219.1
Project("{FAE04EC0-301F-11D3-BF4B-00C04F79EFBC}") = "Builder", "Builder\Builder.csproj", "{95E8DF4C-521B-4090-A7C7-98E01EC0A2ED}"
EndProject
Global
	GlobalSection(SolutionConfigurationPlatforms) = preSolution
		Debug|Any CPU = Debug|Any CPU
		Release|Any CPU = Release|Any CPU
	EndGlobalSection
	GlobalSection(ProjectConfigurationPlatforms) = postSolution
		{95E8DF4C-521B-4090-A7C7-98E01EC0A2ED}.Debug|Any CPU.ActiveCfg = Debug|Any CPU
		{95E8DF4C-521B-4090-A7C7-98E01EC0A2ED}.Debug|Any CPU.Build.0 = Debug|Any CPU
		{95E8DF4C-521B-4090-A7C7-98E01EC0A2ED}.Release|Any CPU.ActiveCfg = Release|Any CPU
		{95E8DF4C-521B-4090-A7C7-98E01EC0A2ED}.Release|Any CPU.Build.0 = Release|Any CPU
	EndGlobalSection
	GlobalSection(SolutionProperties) = preSolution
		HideSolutionNode = FALSE
	EndGlobalSection
	GlobalSection(ExtensibilityGlobals) = postSolution
		SolutionGuid = {EE421CC0-1A84-4F8E-A328-C0D446A814AD}
	EndGlobalSection
EndGlobal
