
Microsoft Visual Studio Solution File, Format Version 12.00
# Visual Studio 14
VisualStudioVersion = 14.0.24720.0
MinimumVisualStudioVersion = 10.0.40219.1
Project("{FAE04EC0-301F-11D3-BF4B-00C04F79EFBC}") = "ThreadExample", "ThreadExample\ThreadExample.csproj", "{CD7229D5-B904-4E17-9985-A3720C8D3496}"
EndProject
Global
	GlobalSection(SolutionConfigurationPlatforms) = preSolution
		Debug|Any CPU = Debug|Any CPU
		Release|Any CPU = Release|Any CPU
	EndGlobalSection
	GlobalSection(ProjectConfigurationPlatforms) = postSolution
		{CD7229D5-B904-4E17-9985-A3720C8D3496}.Debug|Any CPU.ActiveCfg = Debug|Any CPU
		{CD7229D5-B904-4E17-9985-A3720C8D3496}.Debug|Any CPU.Build.0 = Debug|Any CPU
		{CD7229D5-B904-4E17-9985-A3720C8D3496}.Release|Any CPU.ActiveCfg = Release|Any CPU
		{CD7229D5-B904-4E17-9985-A3720C8D3496}.Release|Any CPU.Build.0 = Release|Any CPU
	EndGlobalSection
	GlobalSection(SolutionProperties) = preSolution
		HideSolutionNode = FALSE
	EndGlobalSection
EndGlobal
